<?xml version="1.0" encoding="UTF-8"?>
<CONFIG>
  <ProjectOptions>
    <Version Value="9"/>
    <PathDelim Value="\"/>
    <General>
      <SessionStorage Value="InProjectDir"/>
      <MainUnit Value="0"/>
      <Title Value="YaSMa"/>
      <ResourceType Value="res"/>
      <UseXPManifest Value="True"/>
    </General>
    <i18n>
      <EnableI18N LFM="False"/>
    </i18n>
    <VersionInfo>
      <StringTable ProductVersion=""/>
    </VersionInfo>
    <BuildModes Count="1">
      <Item1 Name="Default" Default="True"/>
    </BuildModes>
    <PublishOptions>
      <Version Value="2"/>
    </PublishOptions>
    <RunParams>
      <local>
        <FormatVersion Value="1"/>
      </local>
    </RunParams>
    <RequiredPackages Count="5">
      <Item1>
        <PackageName Value="sqliteeventtable"/>
        <DefaultFilename Value="components\sqliteeventtable\sqliteeventtable.lpk"/>
      </Item1>
      <Item2>
        <PackageName Value="SynEdit"/>
      </Item2>
      <Item3>
        <PackageName Value="sqlitefilesystemtable"/>
        <DefaultFilename Value="components\sqlitefilesystemtable\sqlitefilesystemtable.lpk"/>
      </Item3>
      <Item4>
        <PackageName Value="sqlitevirtualtables"/>
        <DefaultFilename Value="components\sqlitevirtualtables\sqlitevirtualtables.lpk"/>
      </Item4>
      <Item5>
        <PackageName Value="LCL"/>
      </Item5>
    </RequiredPackages>
    <Units Count="5">
      <Unit0>
        <Filename Value="YaSMa.lpr"/>
        <IsPartOfProject Value="True"/>
      </Unit0>
      <Unit1>
        <Filename Value="umain.pas"/>
        <IsPartOfProject Value="True"/>
        <ComponentName Value="fMain"/>
        <HasResources Value="True"/>
        <ResourceBaseClass Value="Form"/>
        <UnitName Value="uMain"/>
      </Unit1>
      <Unit2>
        <Filename Value="usqleditor.pas"/>
        <IsPartOfProject Value="True"/>
        <ComponentName Value="fSQLEditor"/>
        <HasResources Value="True"/>
        <ResourceBaseClass Value="Form"/>
      </Unit2>
      <Unit3>
        <Filename Value="uyasmadblayer.pas"/>
        <IsPartOfProject Value="True"/>
        <UnitName Value="uYaSMadblayer"/>
      </Unit3>
      <Unit4>
        <Filename Value="components\sqliteeventtable\windows_cursorvars.inc"/>
        <IsPartOfProject Value="True"/>
      </Unit4>
    </Units>
  </ProjectOptions>
  <CompilerOptions>
    <Version Value="11"/>
    <PathDelim Value="\"/>
    <Target>
      <Filename Value="YaSMa"/>
    </Target>
    <SearchPaths>
      <IncludeFiles Value="$(ProjOutDir)"/>
      <UnitOutputDirectory Value="..\output\$(TargetCPU)-$(TargetOS)"/>
    </SearchPaths>
    <Linking>
      <Options>
        <Win32>
          <GraphicApplication Value="True"/>
        </Win32>
      </Options>
    </Linking>
  </CompilerOptions>
  <Debugging>
    <Exceptions Count="3">
      <Item1>
        <Name Value="EAbort"/>
      </Item1>
      <Item2>
        <Name Value="ECodetoolError"/>
      </Item2>
      <Item3>
        <Name Value="EFOpenError"/>
      </Item3>
    </Exceptions>
  </Debugging>
</CONFIG>
